{
  "name": "jitar-serialization",
  "version": "0.3.7",
  "lockfileVersion": 2,
  "requires": true,
  "packages": {
    "": {
      "name": "jitar-serialization",
      "version": "0.3.7",
      "license": "MIT",
      "dependencies": {
        "jitar-reflection": "^0.3.7"
      }
    },
    "node_modules/jitar-reflection": {
      "version": "0.3.7",
      "resolved": "https://registry.npmjs.org/jitar-reflection/-/jitar-reflection-0.3.7.tgz",
      "integrity": "sha512-KwfT6ssjAFt7+rBDOISskNnMnQSc241L/SLR5zbETJJpOdirZR20LnwBjRJdVtMKx/8loxAgB1P8QUPQqjmHIQ=="
    }
  },
  "dependencies": {
    "jitar-reflection": {
      "version": "0.3.7",
      "resolved": "https://registry.npmjs.org/jitar-reflection/-/jitar-reflection-0.3.7.tgz",
      "integrity": "sha512-KwfT6ssjAFt7+rBDOISskNnMnQSc241L/SLR5zbETJJpOdirZR20LnwBjRJdVtMKx/8loxAgB1P8QUPQqjmHIQ=="
    }
  }
}
